
Microsoft Visual Studio Solution File, Format Version 12.00
# Visual Studio 2013
VisualStudioVersion = 12.0.21005.1
MinimumVisualStudioVersion = 10.0.40219.1
Project("{FAE04EC0-301F-11D3-BF4B-00C04F79EFBC}") = "XTest3_1", "XTest3.1\XTest3_1.csproj", "{DBF58195-419F-4B95-90CB-1836BB99E49A}"
EndProject
Project("{FAE04EC0-301F-11D3-BF4B-00C04F79EFBC}") = "XTest3_Logic", "XTest3_Logic\XTest3_Logic.csproj", "{EC5E9DBA-8D3B-456C-B50E-A731C2B6E8AB}"
EndProject
Global
	GlobalSection(SolutionConfigurationPlatforms) = preSolution
		Debug|Any CPU = Debug|Any CPU
		Release|Any CPU = Release|Any CPU
	EndGlobalSection
	GlobalSection(ProjectConfigurationPlatforms) = postSolution
		{DBF58195-419F-4B95-90CB-1836BB99E49A}.Debug|Any CPU.ActiveCfg = Debug|Any CPU
		{DBF58195-419F-4B95-90CB-1836BB99E49A}.Debug|Any CPU.Build.0 = Debug|Any CPU
		{DBF58195-419F-4B95-90CB-1836BB99E49A}.Release|Any CPU.ActiveCfg = Release|Any CPU
		{DBF58195-419F-4B95-90CB-1836BB99E49A}.Release|Any CPU.Build.0 = Release|Any CPU
		{EC5E9DBA-8D3B-456C-B50E-A731C2B6E8AB}.Debug|Any CPU.ActiveCfg = Debug|Any CPU
		{EC5E9DBA-8D3B-456C-B50E-A731C2B6E8AB}.Debug|Any CPU.Build.0 = Debug|Any CPU
		{EC5E9DBA-8D3B-456C-B50E-A731C2B6E8AB}.Release|Any CPU.ActiveCfg = Release|Any CPU
		{EC5E9DBA-8D3B-456C-B50E-A731C2B6E8AB}.Release|Any CPU.Build.0 = Release|Any CPU
	EndGlobalSection
	GlobalSection(SolutionProperties) = preSolution
		HideSolutionNode = FALSE
	EndGlobalSection
EndGlobal
